// !$*UTF8*$!
{
	archiveVersion = 1;
	classes = {
	};
	objectVersion = 46;
	objects = {

/* Begin PBXBuildFile section */
		48BA751E1A18148C0064FCF7 /* ParsingTests.m in Sources */ = {isa = PBXBuildFile; fileRef = 48BA751D1A18148C0064FCF7 /* ParsingTests.m */; };
		48BA75201A1814A60064FCF7 /* questions.json in Resources */ = {isa = PBXBuildFile; fileRef = 48BA751F1A1814A60064FCF7 /* questions.json */; };
		48C11EEA1A15E40400374BA4 /* LoginVC.m in Sources */ = {isa = PBXBuildFile; fileRef = 48C11EE91A15E40400374BA4 /* LoginVC.m */; };
		48C1AC171A1426A200C094D1 /* CRWNSOverflowError.m in Sources */ = {isa = PBXBuildFile; fileRef = 48C1AC161A1426A200C094D1 /* CRWNSOverflowError.m */; };
		48C1AC1A1A1434E100C094D1 /* OAuthVC.m in Sources */ = {isa = PBXBuildFile; fileRef = 48C1AC191A1434E100C094D1 /* OAuthVC.m */; };
		48CF2D791A12E08800FAC0B7 /* CRWQuestion.m in Sources */ = {isa = PBXBuildFile; fileRef = 48CF2D781A12E08800FAC0B7 /* CRWQuestion.m */; };
		48CF2D7C1A12F80100FAC0B7 /* CRWConstants.m in Sources */ = {isa = PBXBuildFile; fileRef = 48CF2D7B1A12F80100FAC0B7 /* CRWConstants.m */; };
		48D6E6131A11561400D2EC68 /* main.m in Sources */ = {isa = PBXBuildFile; fileRef = 48D6E6121A11561400D2EC68 /* main.m */; };
		48D6E6161A11561400D2EC68 /* AppDelegate.m in Sources */ = {isa = PBXBuildFile; fileRef = 48D6E6151A11561400D2EC68 /* AppDelegate.m */; };
		48D6E6191A11561400D2EC68 /* NSOverflow.xcdatamodeld in Sources */ = {isa = PBXBuildFile; fileRef = 48D6E6171A11561400D2EC68 /* NSOverflow.xcdatamodeld */; };
		48D6E61F1A11561400D2EC68 /* Main.storyboard in Resources */ = {isa = PBXBuildFile; fileRef = 48D6E61D1A11561400D2EC68 /* Main.storyboard */; };
		48D6E6211A11561400D2EC68 /* Images.xcassets in Resources */ = {isa = PBXBuildFile; fileRef = 48D6E6201A11561400D2EC68 /* Images.xcassets */; };
		48D6E6241A11561400D2EC68 /* LaunchScreen.xib in Resources */ = {isa = PBXBuildFile; fileRef = 48D6E6221A11561400D2EC68 /* LaunchScreen.xib */; };
		48D6E6301A11561400D2EC68 /* NSOverflowTests.m in Sources */ = {isa = PBXBuildFile; fileRef = 48D6E62F1A11561400D2EC68 /* NSOverflowTests.m */; };
		48D6E63C1A1171A600D2EC68 /* SplitContainerVC.m in Sources */ = {isa = PBXBuildFile; fileRef = 48D6E63B1A1171A600D2EC68 /* SplitContainerVC.m */; };
		48D6E6401A11764800D2EC68 /* CRWUser.m in Sources */ = {isa = PBXBuildFile; fileRef = 48D6E63F1A11764800D2EC68 /* CRWUser.m */; };
		48D6E6441A11924E00D2EC68 /* CRWStackOverflowClient.m in Sources */ = {isa = PBXBuildFile; fileRef = 48D6E6431A11924E00D2EC68 /* CRWStackOverflowClient.m */; };
/* End PBXBuildFile section */

/* Begin PBXContainerItemProxy section */
		48D6E62A1A11561400D2EC68 /* PBXContainerItemProxy */ = {
			isa = PBXContainerItemProxy;
			containerPortal = 48D6E6051A11561400D2EC68 /* Project object */;
			proxyType = 1;
			remoteGlobalIDString = 48D6E60C1A11561400D2EC68;
			remoteInfo = NSOverflow;
		};
/* End PBXContainerItemProxy section */

/* Begin PBXFileReference section */
		48BA75161A1805A00064FCF7 /* CRWStackOverflowClient_Private.h */ = {isa = PBXFileReference; lastKnownFileType = sourcecode.c.h; path = CRWStackOverflowClient_Private.h; sourceTree = "<group>"; };
		48BA751D1A18148C0064FCF7 /* ParsingTests.m */ = {isa = PBXFileReference; fileEncoding = 4; lastKnownFileType = sourcecode.c.objc; path = ParsingTests.m; sourceTree = "<group>"; };
		48BA751F1A1814A60064FCF7 /* questions.json */ = {isa = PBXFileReference; fileEncoding = 4; lastKnownFileType = text.json; path = questions.json; sourceTree = "<group>"; };
		48C11EE81A15E40400374BA4 /* LoginVC.h */ = {isa = PBXFileReference; fileEncoding = 4; lastKnownFileType = sourcecode.c.h; path = LoginVC.h; sourceTree = "<group>"; };
		48C11EE91A15E40400374BA4 /* LoginVC.m */ = {isa = PBXFileReference; fileEncoding = 4; lastKnownFileType = sourcecode.c.objc; path = LoginVC.m; sourceTree = "<group>"; };
		48C1AC151A1426A200C094D1 /* CRWNSOverflowError.h */ = {isa = PBXFileReference; fileEncoding = 4; lastKnownFileType = sourcecode.c.h; path = CRWNSOverflowError.h; sourceTree = "<group>"; };
		48C1AC161A1426A200C094D1 /* CRWNSOverflowError.m */ = {isa = PBXFileReference; fileEncoding = 4; lastKnownFileType = sourcecode.c.objc; path = CRWNSOverflowError.m; sourceTree = "<group>"; };
		48C1AC181A1434E100C094D1 /* OAuthVC.h */ = {isa = PBXFileReference; fileEncoding = 4; lastKnownFileType = sourcecode.c.h; path = OAuthVC.h; sourceTree = "<group>"; };
		48C1AC191A1434E100C094D1 /* OAuthVC.m */ = {isa = PBXFileReference; fileEncoding = 4; lastKnownFileType = sourcecode.c.objc; path = OAuthVC.m; sourceTree = "<group>"; };
		48CF2D771A12E08800FAC0B7 /* CRWQuestion.h */ = {isa = PBXFileReference; fileEncoding = 4; lastKnownFileType = sourcecode.c.h; path = CRWQuestion.h; sourceTree = "<group>"; };
		48CF2D781A12E08800FAC0B7 /* CRWQuestion.m */ = {isa = PBXFileReference; fileEncoding = 4; lastKnownFileType = sourcecode.c.objc; path = CRWQuestion.m; sourceTree = "<group>"; };
		48CF2D7A1A12F7E900FAC0B7 /* CRWConstants.h */ = {isa = PBXFileReference; lastKnownFileType = sourcecode.c.h; path = CRWConstants.h; sourceTree = "<group>"; };
		48CF2D7B1A12F80100FAC0B7 /* CRWConstants.m */ = {isa = PBXFileReference; fileEncoding = 4; lastKnownFileType = sourcecode.c.objc; path = CRWConstants.m; sourceTree = "<group>"; };
		48D6E60D1A11561400D2EC68 /* NSOverflow.app */ = {isa = PBXFileReference; explicitFileType = wrapper.application; includeInIndex = 0; path = NSOverflow.app; sourceTree = BUILT_PRODUCTS_DIR; };
		48D6E6111A11561400D2EC68 /* Info.plist */ = {isa = PBXFileReference; lastKnownFileType = text.plist.xml; path = Info.plist; sourceTree = "<group>"; };
		48D6E6121A11561400D2EC68 /* main.m */ = {isa = PBXFileReference; lastKnownFileType = sourcecode.c.objc; path = main.m; sourceTree = "<group>"; };
		48D6E6141A11561400D2EC68 /* AppDelegate.h */ = {isa = PBXFileReference; lastKnownFileType = sourcecode.c.h; path = AppDelegate.h; sourceTree = "<group>"; };
		48D6E6151A11561400D2EC68 /* AppDelegate.m */ = {isa = PBXFileReference; lastKnownFileType = sourcecode.c.objc; path = AppDelegate.m; sourceTree = "<group>"; };
		48D6E6181A11561400D2EC68 /* NSOverflow.xcdatamodel */ = {isa = PBXFileReference; lastKnownFileType = wrapper.xcdatamodel; path = NSOverflow.xcdatamodel; sourceTree = "<group>"; };
		48D6E61E1A11561400D2EC68 /* Base */ = {isa = PBXFileReference; lastKnownFileType = file.storyboard; name = Base; path = Base.lproj/Main.storyboard; sourceTree = "<group>"; };
		48D6E6201A11561400D2EC68 /* Images.xcassets */ = {isa = PBXFileReference; lastKnownFileType = folder.assetcatalog; path = Images.xcassets; sourceTree = "<group>"; };
		48D6E6231A11561400D2EC68 /* Base */ = {isa = PBXFileReference; lastKnownFileType = file.xib; name = Base; path = Base.lproj/LaunchScreen.xib; sourceTree = "<group>"; };
		48D6E6291A11561400D2EC68 /* NSOverflowTests.xctest */ = {isa = PBXFileReference; explicitFileType = wrapper.cfbundle; includeInIndex = 0; path = NSOverflowTests.xctest; sourceTree = BUILT_PRODUCTS_DIR; };
		48D6E62E1A11561400D2EC68 /* Info.plist */ = {isa = PBXFileReference; lastKnownFileType = text.plist.xml; path = Info.plist; sourceTree = "<group>"; };
		48D6E62F1A11561400D2EC68 /* NSOverflowTests.m */ = {isa = PBXFileReference; lastKnownFileType = sourcecode.c.objc; path = NSOverflowTests.m; sourceTree = "<group>"; };
		48D6E63A1A1171A600D2EC68 /* SplitContainerVC.h */ = {isa = PBXFileReference; fileEncoding = 4; lastKnownFileType = sourcecode.c.h; path = SplitContainerVC.h; sourceTree = "<group>"; };
		48D6E63B1A1171A600D2EC68 /* SplitContainerVC.m */ = {isa = PBXFileReference; fileEncoding = 4; lastKnownFileType = sourcecode.c.objc; path = SplitContainerVC.m; sourceTree = "<group>"; };
		48D6E63E1A11764800D2EC68 /* CRWUser.h */ = {isa = PBXFileReference; fileEncoding = 4; lastKnownFileType = sourcecode.c.h; path = CRWUser.h; sourceTree = "<group>"; };
		48D6E63F1A11764800D2EC68 /* CRWUser.m */ = {isa = PBXFileReference; fileEncoding = 4; lastKnownFileType = sourcecode.c.objc; path = CRWUser.m; sourceTree = "<group>"; };
		48D6E6421A11924E00D2EC68 /* CRWStackOverflowClient.h */ = {isa = PBXFileReference; fileEncoding = 4; lastKnownFileType = sourcecode.c.h; path = CRWStackOverflowClient.h; sourceTree = "<group>"; };
		48D6E6431A11924E00D2EC68 /* CRWStackOverflowClient.m */ = {isa = PBXFileReference; fileEncoding = 4; lastKnownFileType = sourcecode.c.objc; path = CRWStackOverflowClient.m; sourceTree = "<group>"; };
/* End PBXFileReference section */

/* Begin PBXFrameworksBuildPhase section */
		48D6E60A1A11561400D2EC68 /* Frameworks */ = {
			isa = PBXFrameworksBuildPhase;
			buildActionMask = 2147483647;
			files = (
			);
			runOnlyForDeploymentPostprocessing = 0;
		};
		48D6E6261A11561400D2EC68 /* Frameworks */ = {
			isa = PBXFrameworksBuildPhase;
			buildActionMask = 2147483647;
			files = (
			);
			runOnlyForDeploymentPostprocessing = 0;
		};
/* End PBXFrameworksBuildPhase section */

/* Begin PBXGroup section */
		48D6E6041A11561400D2EC68 = {
			isa = PBXGroup;
			children = (
				48D6E60F1A11561400D2EC68 /* NSOverflow */,
				48D6E62C1A11561400D2EC68 /* NSOverflowTests */,
				48D6E60E1A11561400D2EC68 /* Products */,
			);
			sourceTree = "<group>";
		};
		48D6E60E1A11561400D2EC68 /* Products */ = {
			isa = PBXGroup;
			children = (
				48D6E60D1A11561400D2EC68 /* NSOverflow.app */,
				48D6E6291A11561400D2EC68 /* NSOverflowTests.xctest */,
			);
			name = Products;
			sourceTree = "<group>";
		};
		48D6E60F1A11561400D2EC68 /* NSOverflow */ = {
			isa = PBXGroup;
			children = (
				48D6E6391A1157C400D2EC68 /* ViewControllers */,
				48D6E63D1A11753A00D2EC68 /* Models */,
				48D6E6411A11920900D2EC68 /* Services */,
				48D6E6141A11561400D2EC68 /* AppDelegate.h */,
				48D6E6151A11561400D2EC68 /* AppDelegate.m */,
				48CF2D7A1A12F7E900FAC0B7 /* CRWConstants.h */,
				48CF2D7B1A12F80100FAC0B7 /* CRWConstants.m */,
				48C1AC151A1426A200C094D1 /* CRWNSOverflowError.h */,
				48C1AC161A1426A200C094D1 /* CRWNSOverflowError.m */,
				48D6E61D1A11561400D2EC68 /* Main.storyboard */,
				48D6E6201A11561400D2EC68 /* Images.xcassets */,
				48D6E6221A11561400D2EC68 /* LaunchScreen.xib */,
				48D6E6171A11561400D2EC68 /* NSOverflow.xcdatamodeld */,
				48D6E6101A11561400D2EC68 /* Supporting Files */,
			);
			path = NSOverflow;
			sourceTree = "<group>";
		};
		48D6E6101A11561400D2EC68 /* Supporting Files */ = {
			isa = PBXGroup;
			children = (
				48D6E6111A11561400D2EC68 /* Info.plist */,
				48D6E6121A11561400D2EC68 /* main.m */,
			);
			name = "Supporting Files";
			sourceTree = "<group>";
		};
		48D6E62C1A11561400D2EC68 /* NSOverflowTests */ = {
			isa = PBXGroup;
			children = (
				48D6E62F1A11561400D2EC68 /* NSOverflowTests.m */,
				48BA751D1A18148C0064FCF7 /* ParsingTests.m */,
				48D6E62D1A11561400D2EC68 /* Supporting Files */,
			);
			path = NSOverflowTests;
			sourceTree = "<group>";
		};
		48D6E62D1A11561400D2EC68 /* Supporting Files */ = {
			isa = PBXGroup;
			children = (
				48BA751F1A1814A60064FCF7 /* questions.json */,
				48D6E62E1A11561400D2EC68 /* Info.plist */,
			);
			name = "Supporting Files";
			sourceTree = "<group>";
		};
		48D6E6391A1157C400D2EC68 /* ViewControllers */ = {
			isa = PBXGroup;
			children = (
				48D6E63A1A1171A600D2EC68 /* SplitContainerVC.h */,
				48D6E63B1A1171A600D2EC68 /* SplitContainerVC.m */,
				48C1AC181A1434E100C094D1 /* OAuthVC.h */,
				48C1AC191A1434E100C094D1 /* OAuthVC.m */,
				48C11EE81A15E40400374BA4 /* LoginVC.h */,
				48C11EE91A15E40400374BA4 /* LoginVC.m */,
			);
			name = ViewControllers;
			sourceTree = "<group>";
		};
		48D6E63D1A11753A00D2EC68 /* Models */ = {
			isa = PBXGroup;
			children = (
				48D6E63E1A11764800D2EC68 /* CRWUser.h */,
				48D6E63F1A11764800D2EC68 /* CRWUser.m */,
				48CF2D771A12E08800FAC0B7 /* CRWQuestion.h */,
				48CF2D781A12E08800FAC0B7 /* CRWQuestion.m */,
			);
			name = Models;
			sourceTree = "<group>";
		};
		48D6E6411A11920900D2EC68 /* Services */ = {
			isa = PBXGroup;
			children = (
				48D6E6421A11924E00D2EC68 /* CRWStackOverflowClient.h */,
				48D6E6431A11924E00D2EC68 /* CRWStackOverflowClient.m */,
				48BA75161A1805A00064FCF7 /* CRWStackOverflowClient_Private.h */,
			);
			name = Services;
			sourceTree = "<group>";
		};
/* End PBXGroup section */

/* Begin PBXNativeTarget section */
		48D6E60C1A11561400D2EC68 /* NSOverflow */ = {
			isa = PBXNativeTarget;
			buildConfigurationList = 48D6E6331A11561400D2EC68 /* Build configuration list for PBXNativeTarget "NSOverflow" */;
			buildPhases = (
				48D6E6091A11561400D2EC68 /* Sources */,
				48D6E60A1A11561400D2EC68 /* Frameworks */,
				48D6E60B1A11561400D2EC68 /* Resources */,
			);
			buildRules = (
			);
			dependencies = (
			);
			name = NSOverflow;
			productName = NSOverflow;
			productReference = 48D6E60D1A11561400D2EC68 /* NSOverflow.app */;
			productType = "com.apple.product-type.application";
		};
		48D6E6281A11561400D2EC68 /* NSOverflowTests */ = {
			isa = PBXNativeTarget;
			buildConfigurationList = 48D6E6361A11561400D2EC68 /* Build configuration list for PBXNativeTarget "NSOverflowTests" */;
			buildPhases = (
				48D6E6251A11561400D2EC68 /* Sources */,
				48D6E6261A11561400D2EC68 /* Frameworks */,
				48D6E6271A11561400D2EC68 /* Resources */,
			);
			buildRules = (
			);
			dependencies = (
				48D6E62B1A11561400D2EC68 /* PBXTargetDependency */,
			);
			name = NSOverflowTests;
			productName = NSOverflowTests;
			productReference = 48D6E6291A11561400D2EC68 /* NSOverflowTests.xctest */;
			productType = "com.apple.product-type.bundle.unit-test";
		};
/* End PBXNativeTarget section */

/* Begin PBXProject section */
		48D6E6051A11561400D2EC68 /* Project object */ = {
			isa = PBXProject;
			attributes = {
				LastUpgradeCheck = 0610;
				ORGANIZATIONNAME = casecode;
				TargetAttributes = {
					48D6E60C1A11561400D2EC68 = {
						CreatedOnToolsVersion = 6.1;
					};
					48D6E6281A11561400D2EC68 = {
						CreatedOnToolsVersion = 6.1;
						TestTargetID = 48D6E60C1A11561400D2EC68;
					};
				};
			};
			buildConfigurationList = 48D6E6081A11561400D2EC68 /* Build configuration list for PBXProject "NSOverflow" */;
			compatibilityVersion = "Xcode 3.2";
			developmentRegion = English;
			hasScannedForEncodings = 0;
			knownRegions = (
				en,
				Base,
			);
			mainGroup = 48D6E6041A11561400D2EC68;
			productRefGroup = 48D6E60E1A11561400D2EC68 /* Products */;
			projectDirPath = "";
			projectRoot = "";
			targets = (
				48D6E60C1A11561400D2EC68 /* NSOverflow */,
				48D6E6281A11561400D2EC68 /* NSOverflowTests */,
			);
		};
/* End PBXProject section */

/* Begin PBXResourcesBuildPhase section */
		48D6E60B1A11561400D2EC68 /* Resources */ = {
			isa = PBXResourcesBuildPhase;
			buildActionMask = 2147483647;
			files = (
				48D6E61F1A11561400D2EC68 /* Main.storyboard in Resources */,
				48D6E6241A11561400D2EC68 /* LaunchScreen.xib in Resources */,
				48D6E6211A11561400D2EC68 /* Images.xcassets in Resources */,
			);
			runOnlyForDeploymentPostprocessing = 0;
		};
		48D6E6271A11561400D2EC68 /* Resources */ = {
			isa = PBXResourcesBuildPhase;
			buildActionMask = 2147483647;
			files = (
				48BA75201A1814A60064FCF7 /* questions.json in Resources */,
			);
			runOnlyForDeploymentPostprocessing = 0;
		};
/* End PBXResourcesBuildPhase section */

/* Begin PBXSourcesBuildPhase section */
		48D6E6091A11561400D2EC68 /* Sources */ = {
			isa = PBXSourcesBuildPhase;
			buildActionMask = 2147483647;
			files = (
				48D6E6401A11764800D2EC68 /* CRWUser.m in Sources */,
				48CF2D791A12E08800FAC0B7 /* CRWQuestion.m in Sources */,
				48CF2D7C1A12F80100FAC0B7 /* CRWConstants.m in Sources */,
				48D6E6441A11924E00D2EC68 /* CRWStackOverflowClient.m in Sources */,
				48D6E6161A11561400D2EC68 /* AppDelegate.m in Sources */,
				48C1AC171A1426A200C094D1 /* CRWNSOverflowError.m in Sources */,
				48C11EEA1A15E40400374BA4 /* LoginVC.m in Sources */,
				48C1AC1A1A1434E100C094D1 /* OAuthVC.m in Sources */,
				48D6E63C1A1171A600D2EC68 /* SplitContainerVC.m in Sources */,
				48D6E6191A11561400D2EC68 /* NSOverflow.xcdatamodeld in Sources */,
				48D6E6131A11561400D2EC68 /* main.m in Sources */,
			);
			runOnlyForDeploymentPostprocessing = 0;
		};
		48D6E6251A11561400D2EC68 /* Sources */ = {
			isa = PBXSourcesBuildPhase;
			buildActionMask = 2147483647;
			files = (
				48BA751E1A18148C0064FCF7 /* ParsingTests.m in Sources */,
				48D6E6301A11561400D2EC68 /* NSOverflowTests.m in Sources */,
			);
			runOnlyForDeploymentPostprocessing = 0;
		};
/* End PBXSourcesBuildPhase section */

/* Begin PBXTargetDependency section */
		48D6E62B1A11561400D2EC68 /* PBXTargetDependency */ = {
			isa = PBXTargetDependency;
			target = 48D6E60C1A11561400D2EC68 /* NSOverflow */;
			targetProxy = 48D6E62A1A11561400D2EC68 /* PBXContainerItemProxy */;
		};
/* End PBXTargetDependency section */

/* Begin PBXVariantGroup section */
		48D6E61D1A11561400D2EC68 /* Main.storyboard */ = {
			isa = PBXVariantGroup;
			children = (
				48D6E61E1A11561400D2EC68 /* Base */,
			);
			name = Main.storyboard;
			sourceTree = "<group>";
		};
		48D6E6221A11561400D2EC68 /* LaunchScreen.xib */ = {
			isa = PBXVariantGroup;
			children = (
				48D6E6231A11561400D2EC68 /* Base */,
			);
			name = LaunchScreen.xib;
			sourceTree = "<group>";
		};
/* End PBXVariantGroup section */

/* Begin XCBuildConfiguration section */
		48D6E6311A11561400D2EC68 /* Debug */ = {
			isa = XCBuildConfiguration;
			buildSettings = {
				ALWAYS_SEARCH_USER_PATHS = NO;
				CLANG_CXX_LANGUAGE_STANDARD = "gnu++0x";
				CLANG_CXX_LIBRARY = "libc++";
				CLANG_ENABLE_MODULES = YES;
				CLANG_ENABLE_OBJC_ARC = YES;
				CLANG_WARN_BOOL_CONVERSION = YES;
				CLANG_WARN_CONSTANT_CONVERSION = YES;
				CLANG_WARN_DIRECT_OBJC_ISA_USAGE = YES_ERROR;
				CLANG_WARN_EMPTY_BODY = YES;
				CLANG_WARN_ENUM_CONVERSION = YES;
				CLANG_WARN_INT_CONVERSION = YES;
				CLANG_WARN_OBJC_ROOT_CLASS = YES_ERROR;
				CLANG_WARN_UNREACHABLE_CODE = YES;
				CLANG_WARN__DUPLICATE_METHOD_MATCH = YES;
				"CODE_SIGN_IDENTITY[sdk=iphoneos*]" = "iPhone Developer";
				COPY_PHASE_STRIP = NO;
				ENABLE_STRICT_OBJC_MSGSEND = YES;
				GCC_C_LANGUAGE_STANDARD = gnu99;
				GCC_DYNAMIC_NO_PIC = NO;
				GCC_OPTIMIZATION_LEVEL = 0;
				GCC_PREPROCESSOR_DEFINITIONS = (
					"DEBUG=1",
					"$(inherited)",
				);
				GCC_SYMBOLS_PRIVATE_EXTERN = NO;
				GCC_WARN_64_TO_32_BIT_CONVERSION = YES;
				GCC_WARN_ABOUT_RETURN_TYPE = YES_ERROR;
				GCC_WARN_UNDECLARED_SELECTOR = YES;
				GCC_WARN_UNINITIALIZED_AUTOS = YES_AGGRESSIVE;
				GCC_WARN_UNUSED_FUNCTION = YES;
				GCC_WARN_UNUSED_VARIABLE = YES;
				IPHONEOS_DEPLOYMENT_TARGET = 8.1;
				MTL_ENABLE_DEBUG_INFO = YES;
				ONLY_ACTIVE_ARCH = YES;
				SDKROOT = iphoneos;
				TARGETED_DEVICE_FAMILY = "1,2";
			};
			name = Debug;
		};
		48D6E6321A11561400D2EC68 /* Release */ = {
			isa = XCBuildConfiguration;
			buildSettings = {
				ALWAYS_SEARCH_USER_PATHS = NO;
				CLANG_CXX_LANGUAGE_STANDARD = "gnu++0x";
				CLANG_CXX_LIBRARY = "libc++";
				CLANG_ENABLE_MODULES = YES;
				CLANG_ENABLE_OBJC_ARC = YES;
				CLANG_WARN_BOOL_CONVERSION = YES;
				CLANG_WARN_CONSTANT_CONVERSION = YES;
				CLANG_WARN_DIRECT_OBJC_ISA_USAGE = YES_ERROR;
				CLANG_WARN_EMPTY_BODY = YES;
				CLANG_WARN_ENUM_CONVERSION = YES;
				CLANG_WARN_INT_CONVERSION = YES;
				CLANG_WARN_OBJC_ROOT_CLASS = YES_ERROR;
				CLANG_WARN_UNREACHABLE_CODE = YES;
				CLANG_WARN__DUPLICATE_METHOD_MATCH = YES;
				"CODE_SIGN_IDENTITY[sdk=iphoneos*]" = "iPhone Developer";
				COPY_PHASE_STRIP = YES;
				ENABLE_NS_ASSERTIONS = NO;
				ENABLE_STRICT_OBJC_MSGSEND = YES;
				GCC_C_LANGUAGE_STANDARD = gnu99;
				GCC_WARN_64_TO_32_BIT_CONVERSION = YES;
				GCC_WARN_ABOUT_RETURN_TYPE = YES_ERROR;
				GCC_WARN_UNDECLARED_SELECTOR = YES;
				GCC_WARN_UNINITIALIZED_AUTOS = YES_AGGRESSIVE;
				GCC_WARN_UNUSED_FUNCTION = YES;
				GCC_WARN_UNUSED_VARIABLE = YES;
				IPHONEOS_DEPLOYMENT_TARGET = 8.1;
				MTL_ENABLE_DEBUG_INFO = NO;
				SDKROOT = iphoneos;
				TARGETED_DEVICE_FAMILY = "1,2";
				VALIDATE_PRODUCT = YES;
			};
			name = Release;
		};
		48D6E6341A11561400D2EC68 /* Debug */ = {
			isa = XCBuildConfiguration;
			buildSettings = {
				ASSETCATALOG_COMPILER_APPICON_NAME = AppIcon;
				INFOPLIST_FILE = NSOverflow/Info.plist;
				LD_RUNPATH_SEARCH_PATHS = "$(inherited) @executable_path/Frameworks";
				PRODUCT_NAME = "$(TARGET_NAME)";
			};
			name = Debug;
		};
		48D6E6351A11561400D2EC68 /* Release */ = {
			isa = XCBuildConfiguration;
			buildSettings = {
				ASSETCATALOG_COMPILER_APPICON_NAME = AppIcon;
				INFOPLIST_FILE = NSOverflow/Info.plist;
				LD_RUNPATH_SEARCH_PATHS = "$(inherited) @executable_path/Frameworks";
				PRODUCT_NAME = "$(TARGET_NAME)";
			};
			name = Release;
		};
		48D6E6371A11561400D2EC68 /* Debug */ = {
			isa = XCBuildConfiguration;
			buildSettings = {
				BUNDLE_LOADER = "$(TEST_HOST)";
				FRAMEWORK_SEARCH_PATHS = (
					"$(SDKROOT)/Developer/Library/Frameworks",
					"$(inherited)",
				);
				GCC_PREPROCESSOR_DEFINITIONS = (
					"DEBUG=1",
					"$(inherited)",
				);
				INFOPLIST_FILE = NSOverflowTests/Info.plist;
				LD_RUNPATH_SEARCH_PATHS = "$(inherited) @executable_path/Frameworks @loader_path/Frameworks";
				PRODUCT_NAME = "$(TARGET_NAME)";
				TEST_HOST = "$(BUILT_PRODUCTS_DIR)/NSOverflow.app/NSOverflow";
			};
			name = Debug;
		};
		48D6E6381A11561400D2EC68 /* Release */ = {
			isa = XCBuildConfiguration;
			buildSettings = {
				BUNDLE_LOADER = "$(TEST_HOST)";
				FRAMEWORK_SEARCH_PATHS = (
					"$(SDKROOT)/Developer/Library/Frameworks",
					"$(inherited)",
				);
				INFOPLIST_FILE = NSOverflowTests/Info.plist;
				LD_RUNPATH_SEARCH_PATHS = "$(inherited) @executable_path/Frameworks @loader_path/Frameworks";
				PRODUCT_NAME = "$(TARGET_NAME)";
				TEST_HOST = "$(BUILT_PRODUCTS_DIR)/NSOverflow.app/NSOverflow";
			};
			name = Release;
		};
/* End XCBuildConfiguration section */

/* Begin XCConfigurationList section */
		48D6E6081A11561400D2EC68 /* Build configuration list for PBXProject "NSOverflow" */ = {
			isa = XCConfigurationList;
			buildConfigurations = (
				48D6E6311A11561400D2EC68 /* Debug */,
				48D6E6321A11561400D2EC68 /* Release */,
			);
			defaultConfigurationIsVisible = 0;
			defaultConfigurationName = Release;
		};
		48D6E6331A11561400D2EC68 /* Build configuration list for PBXNativeTarget "NSOverflow" */ = {
			isa = XCConfigurationList;
			buildConfigurations = (
				48D6E6341A11561400D2EC68 /* Debug */,
				48D6E6351A11561400D2EC68 /* Release */,
			);
			defaultConfigurationIsVisible = 0;
			defaultConfigurationName = Release;
		};
		48D6E6361A11561400D2EC68 /* Build configuration list for PBXNativeTarget "NSOverflowTests" */ = {
			isa = XCConfigurationList;
			buildConfigurations = (
				48D6E6371A11561400D2EC68 /* Debug */,
				48D6E6381A11561400D2EC68 /* Release */,
			);
			defaultConfigurationIsVisible = 0;
			defaultConfigurationName = Release;
		};
/* End XCConfigurationList section */

/* Begin XCVersionGroup section */
		48D6E6171A11561400D2EC68 /* NSOverflow.xcdatamodeld */ = {
			isa = XCVersionGroup;
			children = (
				48D6E6181A11561400D2EC68 /* NSOverflow.xcdatamodel */,
			);
			currentVersion = 48D6E6181A11561400D2EC68 /* NSOverflow.xcdatamodel */;
			path = NSOverflow.xcdatamodeld;
			sourceTree = "<group>";
			versionGroupType = wrapper.xcdatamodel;
		};
/* End XCVersionGroup section */
	};
	rootObject = 48D6E6051A11561400D2EC68 /* Project object */;
}
